// !$*UTF8*$!
{
	archiveVersion = 1;
	classes = {
	};
	objectVersion = 48;
	objects = {

/* Begin PBXBuildFile section */
		31C1B799336FE77AED9B4E21 /* Pods_Browser.framework in Frameworks */ = {isa = PBXBuildFile; fileRef = 79FE73389801709CED5C3179 /* Pods_Browser.framework */; };
		B9733AAF1F9E3DCF00D8B81D /* GoogleService-Info.plist in Resources */ = {isa = PBXBuildFile; fileRef = B9733AAD1F9E3D5000D8B81D /* GoogleService-Info.plist */; };
		B9733AB01F9E3E0A00D8B81D /* Info.plist in Resources */ = {isa = PBXBuildFile; fileRef = B9B770F61F991C260019A657 /* Info.plist */; };
		B9B770EB1F991C260019A657 /* AppDelegate.swift in Sources */ = {isa = PBXBuildFile; fileRef = B9B770EA1F991C260019A657 /* AppDelegate.swift */; };
		B9B770ED1F991C260019A657 /* ViewController.swift in Sources */ = {isa = PBXBuildFile; fileRef = B9B770EC1F991C260019A657 /* ViewController.swift */; };
		B9B770F01F991C260019A657 /* Main.storyboard in Resources */ = {isa = PBXBuildFile; fileRef = B9B770EE1F991C260019A657 /* Main.storyboard */; };
		B9B770F21F991C260019A657 /* Assets.xcassets in Resources */ = {isa = PBXBuildFile; fileRef = B9B770F11F991C260019A657 /* Assets.xcassets */; };
		B9B770F51F991C260019A657 /* LaunchScreen.storyboard in Resources */ = {isa = PBXBuildFile; fileRef = B9B770F31F991C260019A657 /* LaunchScreen.storyboard */; };
/* End PBXBuildFile section */

/* Begin PBXFileReference section */
		0B61455FA8304B0BA9A533C9 /* Pods-Browser.release.xcconfig */ = {isa = PBXFileReference; includeInIndex = 1; lastKnownFileType = text.xcconfig; name = "Pods-Browser.release.xcconfig"; path = "Pods/Target Support Files/Pods-Browser/Pods-Browser.release.xcconfig"; sourceTree = "<group>"; };
		1710109C4F2F583CA959A354 /* Pods-Browser.debug.xcconfig */ = {isa = PBXFileReference; includeInIndex = 1; lastKnownFileType = text.xcconfig; name = "Pods-Browser.debug.xcconfig"; path = "Pods/Target Support Files/Pods-Browser/Pods-Browser.debug.xcconfig"; sourceTree = "<group>"; };
		79FE73389801709CED5C3179 /* Pods_Browser.framework */ = {isa = PBXFileReference; explicitFileType = wrapper.framework; includeInIndex = 0; path = Pods_Browser.framework; sourceTree = BUILT_PRODUCTS_DIR; };
		B9733AAD1F9E3D5000D8B81D /* GoogleService-Info.plist */ = {isa = PBXFileReference; lastKnownFileType = text.plist.xml; path = "GoogleService-Info.plist"; sourceTree = "<group>"; };
		B9733AAE1F9E3D6800D8B81D /* 1.jpg */ = {isa = PBXFileReference; lastKnownFileType = image.jpeg; path = 1.jpg; sourceTree = "<group>"; };
		B9B770E71F991C260019A657 /* Browser.app */ = {isa = PBXFileReference; explicitFileType = wrapper.application; includeInIndex = 0; path = Browser.app; sourceTree = BUILT_PRODUCTS_DIR; };
		B9B770EA1F991C260019A657 /* AppDelegate.swift */ = {isa = PBXFileReference; lastKnownFileType = sourcecode.swift; path = AppDelegate.swift; sourceTree = "<group>"; };
		B9B770EC1F991C260019A657 /* ViewController.swift */ = {isa = PBXFileReference; lastKnownFileType = sourcecode.swift; path = ViewController.swift; sourceTree = "<group>"; };
		B9B770EF1F991C260019A657 /* Base */ = {isa = PBXFileReference; lastKnownFileType = file.storyboard; name = Base; path = Base.lproj/Main.storyboard; sourceTree = "<group>"; };
		B9B770F11F991C260019A657 /* Assets.xcassets */ = {isa = PBXFileReference; lastKnownFileType = folder.assetcatalog; path = Assets.xcassets; sourceTree = "<group>"; };
		B9B770F41F991C260019A657 /* Base */ = {isa = PBXFileReference; lastKnownFileType = file.storyboard; name = Base; path = Base.lproj/LaunchScreen.storyboard; sourceTree = "<group>"; };
		B9B770F61F991C260019A657 /* Info.plist */ = {isa = PBXFileReference; lastKnownFileType = text.plist.xml; path = Info.plist; sourceTree = "<group>"; };
/* End PBXFileReference section */

/* Begin PBXFrameworksBuildPhase section */
		B9B770E41F991C260019A657 /* Frameworks */ = {
			isa = PBXFrameworksBuildPhase;
			buildActionMask = 2147483647;
			files = (
				31C1B799336FE77AED9B4E21 /* Pods_Browser.framework in Frameworks */,
			);
			runOnlyForDeploymentPostprocessing = 0;
		};
/* End PBXFrameworksBuildPhase section */

/* Begin PBXGroup section */
		4DEF7CB86F30930E3AE92C55 /* Frameworks */ = {
			isa = PBXGroup;
			children = (
				79FE73389801709CED5C3179 /* Pods_Browser.framework */,
			);
			name = Frameworks;
			sourceTree = "<group>";
		};
		B9B770DE1F991C250019A657 = {
			isa = PBXGroup;
			children = (
				B9B770E91F991C260019A657 /* Browser */,
				B9B770E81F991C260019A657 /* Products */,
				D4347E810CA25F1C2C3519D4 /* Pods */,
				4DEF7CB86F30930E3AE92C55 /* Frameworks */,
			);
			sourceTree = "<group>";
		};
		B9B770E81F991C260019A657 /* Products */ = {
			isa = PBXGroup;
			children = (
				B9B770E71F991C260019A657 /* Browser.app */,
			);
			name = Products;
			sourceTree = "<group>";
		};
		B9B770E91F991C260019A657 /* Browser */ = {
			isa = PBXGroup;
			children = (
				B9B770EA1F991C260019A657 /* AppDelegate.swift */,
				B9B770EC1F991C260019A657 /* ViewController.swift */,
				B9B770EE1F991C260019A657 /* Main.storyboard */,
				B9733AAD1F9E3D5000D8B81D /* GoogleService-Info.plist */,
				B9B770F11F991C260019A657 /* Assets.xcassets */,
				B9733AAE1F9E3D6800D8B81D /* 1.jpg */,
				B9B770F31F991C260019A657 /* LaunchScreen.storyboard */,
				B9B770F61F991C260019A657 /* Info.plist */,
			);
			path = Browser;
			sourceTree = "<group>";
		};
		D4347E810CA25F1C2C3519D4 /* Pods */ = {
			isa = PBXGroup;
			children = (
				1710109C4F2F583CA959A354 /* Pods-Browser.debug.xcconfig */,
				0B61455FA8304B0BA9A533C9 /* Pods-Browser.release.xcconfig */,
			);
			name = Pods;
			sourceTree = "<group>";
		};
/* End PBXGroup section */

/* Begin PBXNativeTarget section */
		B9B770E61F991C260019A657 /* Browser */ = {
			isa = PBXNativeTarget;
			buildConfigurationList = B9B770F91F991C260019A657 /* Build configuration list for PBXNativeTarget "Browser" */;
			buildPhases = (
				D23808E13DC2AA949B6A71E5 /* [CP] Check Pods Manifest.lock */,
				B9B770E31F991C260019A657 /* Sources */,
				B9B770E41F991C260019A657 /* Frameworks */,
				B9B770E51F991C260019A657 /* Resources */,
				31E11313483E98B71C8FC063 /* [CP] Embed Pods Frameworks */,
				13308A27924E5B9656E3EA77 /* [CP] Copy Pods Resources */,
			);
			buildRules = (
			);
			dependencies = (
			);
			name = Browser;
			productName = Browser;
			productReference = B9B770E71F991C260019A657 /* Browser.app */;
			productType = "com.apple.product-type.application";
		};
/* End PBXNativeTarget section */

/* Begin PBXProject section */
		B9B770DF1F991C250019A657 /* Project object */ = {
			isa = PBXProject;
			attributes = {
				LastSwiftUpdateCheck = 0900;
				LastUpgradeCheck = 0900;
				ORGANIZATIONNAME = "Pedro Herrera";
				TargetAttributes = {
					B9B770E61F991C260019A657 = {
						CreatedOnToolsVersion = 9.0;
						ProvisioningStyle = Automatic;
					};
				};
			};
			buildConfigurationList = B9B770E21F991C250019A657 /* Build configuration list for PBXProject "Browser" */;
			compatibilityVersion = "Xcode 8.0";
			developmentRegion = en;
			hasScannedForEncodings = 0;
			knownRegions = (
				en,
				Base,
			);
			mainGroup = B9B770DE1F991C250019A657;
			productRefGroup = B9B770E81F991C260019A657 /* Products */;
			projectDirPath = "";
			projectRoot = "";
			targets = (
				B9B770E61F991C260019A657 /* Browser */,
			);
		};
/* End PBXProject section */

/* Begin PBXResourcesBuildPhase section */
		B9B770E51F991C260019A657 /* Resources */ = {
			isa = PBXResourcesBuildPhase;
			buildActionMask = 2147483647;
			files = (
				B9B770F51F991C260019A657 /* LaunchScreen.storyboard in Resources */,
				B9733AAF1F9E3DCF00D8B81D /* GoogleService-Info.plist in Resources */,
				B9B770F21F991C260019A657 /* Assets.xcassets in Resources */,
				B9733AB01F9E3E0A00D8B81D /* Info.plist in Resources */,
				B9B770F01F991C260019A657 /* Main.storyboard in Resources */,
			);
			runOnlyForDeploymentPostprocessing = 0;
		};
/* End PBXResourcesBuildPhase section */

/* Begin PBXShellScriptBuildPhase section */
		13308A27924E5B9656E3EA77 /* [CP] Copy Pods Resources */ = {
			isa = PBXShellScriptBuildPhase;
			buildActionMask = 2147483647;
			files = (
			);
			inputPaths = (
			);
			name = "[CP] Copy Pods Resources";
			outputPaths = (
			);
			runOnlyForDeploymentPostprocessing = 0;
			shellPath = /bin/sh;
			shellScript = "\"${SRCROOT}/Pods/Target Support Files/Pods-Browser/Pods-Browser-resources.sh\"\n";
			showEnvVarsInLog = 0;
		};
		31E11313483E98B71C8FC063 /* [CP] Embed Pods Frameworks */ = {
			isa = PBXShellScriptBuildPhase;
			buildActionMask = 2147483647;
			files = (
			);
			inputPaths = (
				"${SRCROOT}/Pods/Target Support Files/Pods-Browser/Pods-Browser-frameworks.sh",
				"${BUILT_PRODUCTS_DIR}/GoogleToolboxForMac/GoogleToolboxForMac.framework",
				"${BUILT_PRODUCTS_DIR}/leveldb-library/leveldb.framework",
				"${BUILT_PRODUCTS_DIR}/nanopb/nanopb.framework",
			);
			name = "[CP] Embed Pods Frameworks";
			outputPaths = (
				"${TARGET_BUILD_DIR}/${FRAMEWORKS_FOLDER_PATH}/GoogleToolboxForMac.framework",
				"${TARGET_BUILD_DIR}/${FRAMEWORKS_FOLDER_PATH}/leveldb.framework",
				"${TARGET_BUILD_DIR}/${FRAMEWORKS_FOLDER_PATH}/nanopb.framework",
			);
			runOnlyForDeploymentPostprocessing = 0;
			shellPath = /bin/sh;
			shellScript = "\"${SRCROOT}/Pods/Target Support Files/Pods-Browser/Pods-Browser-frameworks.sh\"\n";
			showEnvVarsInLog = 0;
		};
		D23808E13DC2AA949B6A71E5 /* [CP] Check Pods Manifest.lock */ = {
			isa = PBXShellScriptBuildPhase;
			buildActionMask = 2147483647;
			files = (
			);
			inputPaths = (
				"${PODS_PODFILE_DIR_PATH}/Podfile.lock",
				"${PODS_ROOT}/Manifest.lock",
			);
			name = "[CP] Check Pods Manifest.lock";
			outputPaths = (
				"$(DERIVED_FILE_DIR)/Pods-Browser-checkManifestLockResult.txt",
			);
			runOnlyForDeploymentPostprocessing = 0;
			shellPath = /bin/sh;
			shellScript = "diff \"${PODS_PODFILE_DIR_PATH}/Podfile.lock\" \"${PODS_ROOT}/Manifest.lock\" > /dev/null\nif [ $? != 0 ] ; then\n    # print error to STDERR\n    echo \"error: The sandbox is not in sync with the Podfile.lock. Run 'pod install' or update your CocoaPods installation.\" >&2\n    exit 1\nfi\n# This output is used by Xcode 'outputs' to avoid re-running this script phase.\necho \"SUCCESS\" > \"${SCRIPT_OUTPUT_FILE_0}\"\n";
			showEnvVarsInLog = 0;
		};
/* End PBXShellScriptBuildPhase section */

/* Begin PBXSourcesBuildPhase section */
		B9B770E31F991C260019A657 /* Sources */ = {
			isa = PBXSourcesBuildPhase;
			buildActionMask = 2147483647;
			files = (
				B9B770ED1F991C260019A657 /* ViewController.swift in Sources */,
				B9B770EB1F991C260019A657 /* AppDelegate.swift in Sources */,
			);
			runOnlyForDeploymentPostprocessing = 0;
		};
/* End PBXSourcesBuildPhase section */

/* Begin PBXVariantGroup section */
		B9B770EE1F991C260019A657 /* Main.storyboard */ = {
			isa = PBXVariantGroup;
			children = (
				B9B770EF1F991C260019A657 /* Base */,
			);
			name = Main.storyboard;
			sourceTree = "<group>";
		};
		B9B770F31F991C260019A657 /* LaunchScreen.storyboard */ = {
			isa = PBXVariantGroup;
			children = (
				B9B770F41F991C260019A657 /* Base */,
			);
			name = LaunchScreen.storyboard;
			sourceTree = "<group>";
		};
/* End PBXVariantGroup section */

/* Begin XCBuildConfiguration section */
		B9B770F71F991C260019A657 /* Debug */ = {
			isa = XCBuildConfiguration;
			buildSettings = {
				ALWAYS_SEARCH_USER_PATHS = NO;
				CLANG_ANALYZER_NONNULL = YES;
				CLANG_ANALYZER_NUMBER_OBJECT_CONVERSION = YES_AGGRESSIVE;
				CLANG_CXX_LANGUAGE_STANDARD = "gnu++14";
				CLANG_CXX_LIBRARY = "libc++";
				CLANG_ENABLE_MODULES = YES;
				CLANG_ENABLE_OBJC_ARC = YES;
				CLANG_WARN_BLOCK_CAPTURE_AUTORELEASING = YES;
				CLANG_WARN_BOOL_CONVERSION = YES;
				CLANG_WARN_COMMA = YES;
				CLANG_WARN_CONSTANT_CONVERSION = YES;
				CLANG_WARN_DIRECT_OBJC_ISA_USAGE = YES_ERROR;
				CLANG_WARN_DOCUMENTATION_COMMENTS = YES;
				CLANG_WARN_EMPTY_BODY = YES;
				CLANG_WARN_ENUM_CONVERSION = YES;
				CLANG_WARN_INFINITE_RECURSION = YES;
				CLANG_WARN_INT_CONVERSION = YES;
				CLANG_WARN_NON_LITERAL_NULL_CONVERSION = YES;
				CLANG_WARN_OBJC_LITERAL_CONVERSION = YES;
				CLANG_WARN_OBJC_ROOT_CLASS = YES_ERROR;
				CLANG_WARN_RANGE_LOOP_ANALYSIS = YES;
				CLANG_WARN_STRICT_PROTOTYPES = YES;
				CLANG_WARN_SUSPICIOUS_MOVE = YES;
				CLANG_WARN_UNGUARDED_AVAILABILITY = YES_AGGRESSIVE;
				CLANG_WARN_UNREACHABLE_CODE = YES;
				CLANG_WARN__DUPLICATE_METHOD_MATCH = YES;
				CODE_SIGN_IDENTITY = "iPhone Developer";
				COPY_PHASE_STRIP = NO;
				DEBUG_INFORMATION_FORMAT = dwarf;
				ENABLE_STRICT_OBJC_MSGSEND = YES;
				ENABLE_TESTABILITY = YES;
				GCC_C_LANGUAGE_STANDARD = gnu11;
				GCC_DYNAMIC_NO_PIC = NO;
				GCC_NO_COMMON_BLOCKS = YES;
				GCC_OPTIMIZATION_LEVEL = 0;
				GCC_PREPROCESSOR_DEFINITIONS = (
					"DEBUG=1",
					"$(inherited)",
				);
				GCC_WARN_64_TO_32_BIT_CONVERSION = YES;
				GCC_WARN_ABOUT_RETURN_TYPE = YES_ERROR;
				GCC_WARN_UNDECLARED_SELECTOR = YES;
				GCC_WARN_UNINITIALIZED_AUTOS = YES_AGGRESSIVE;
				GCC_WARN_UNUSED_FUNCTION = YES;
				GCC_WARN_UNUSED_VARIABLE = YES;
				IPHONEOS_DEPLOYMENT_TARGET = 11.0;
				MTL_ENABLE_DEBUG_INFO = YES;
				ONLY_ACTIVE_ARCH = YES;
				SDKROOT = iphoneos;
				SWIFT_ACTIVE_COMPILATION_CONDITIONS = DEBUG;
				SWIFT_OPTIMIZATION_LEVEL = "-Onone";
			};
			name = Debug;
		};
		B9B770F81F991C260019A657 /* Release */ = {
			isa = XCBuildConfiguration;
			buildSettings = {
				ALWAYS_SEARCH_USER_PATHS = NO;
				CLANG_ANALYZER_NONNULL = YES;
				CLANG_ANALYZER_NUMBER_OBJECT_CONVERSION = YES_AGGRESSIVE;
				CLANG_CXX_LANGUAGE_STANDARD = "gnu++14";
				CLANG_CXX_LIBRARY = "libc++";
				CLANG_ENABLE_MODULES = YES;
				CLANG_ENABLE_OBJC_ARC = YES;
				CLANG_WARN_BLOCK_CAPTURE_AUTORELEASING = YES;
				CLANG_WARN_BOOL_CONVERSION = YES;
				CLANG_WARN_COMMA = YES;
				CLANG_WARN_CONSTANT_CONVERSION = YES;
				CLANG_WARN_DIRECT_OBJC_ISA_USAGE = YES_ERROR;
				CLANG_WARN_DOCUMENTATION_COMMENTS = YES;
				CLANG_WARN_EMPTY_BODY = YES;
				CLANG_WARN_ENUM_CONVERSION = YES;
				CLANG_WARN_INFINITE_RECURSION = YES;
				CLANG_WARN_INT_CONVERSION = YES;
				CLANG_WARN_NON_LITERAL_NULL_CONVERSION = YES;
				CLANG_WARN_OBJC_LITERAL_CONVERSION = YES;
				CLANG_WARN_OBJC_ROOT_CLASS = YES_ERROR;
				CLANG_WARN_RANGE_LOOP_ANALYSIS = YES;
				CLANG_WARN_STRICT_PROTOTYPES = YES;
				CLANG_WARN_SUSPICIOUS_MOVE = YES;
				CLANG_WARN_UNGUARDED_AVAILABILITY = YES_AGGRESSIVE;
				CLANG_WARN_UNREACHABLE_CODE = YES;
				CLANG_WARN__DUPLICATE_METHOD_MATCH = YES;
				CODE_SIGN_IDENTITY = "iPhone Developer";
				COPY_PHASE_STRIP = NO;
				DEBUG_INFORMATION_FORMAT = "dwarf-with-dsym";
				ENABLE_NS_ASSERTIONS = NO;
				ENABLE_STRICT_OBJC_MSGSEND = YES;
				GCC_C_LANGUAGE_STANDARD = gnu11;
				GCC_NO_COMMON_BLOCKS = YES;
				GCC_WARN_64_TO_32_BIT_CONVERSION = YES;
				GCC_WARN_ABOUT_RETURN_TYPE = YES_ERROR;
				GCC_WARN_UNDECLARED_SELECTOR = YES;
				GCC_WARN_UNINITIALIZED_AUTOS = YES_AGGRESSIVE;
				GCC_WARN_UNUSED_FUNCTION = YES;
				GCC_WARN_UNUSED_VARIABLE = YES;
				IPHONEOS_DEPLOYMENT_TARGET = 11.0;
				MTL_ENABLE_DEBUG_INFO = NO;
				SDKROOT = iphoneos;
				SWIFT_OPTIMIZATION_LEVEL = "-Owholemodule";
				VALIDATE_PRODUCT = YES;
			};
			name = Release;
		};
		B9B770FA1F991C260019A657 /* Debug */ = {
			isa = XCBuildConfiguration;
			baseConfigurationReference = 1710109C4F2F583CA959A354 /* Pods-Browser.debug.xcconfig */;
			buildSettings = {
				ASSETCATALOG_COMPILER_APPICON_NAME = AppIcon;
				CODE_SIGN_STYLE = Automatic;
				INFOPLIST_FILE = Browser/Info.plist;
				LD_RUNPATH_SEARCH_PATHS = "$(inherited) @executable_path/Frameworks";
				PRODUCT_BUNDLE_IDENTIFIER = pedroherrera.com.Browser;
				PRODUCT_NAME = "$(TARGET_NAME)";
				SWIFT_VERSION = 4.0;
				TARGETED_DEVICE_FAMILY = "1,2";
			};
			name = Debug;
		};
		B9B770FB1F991C260019A657 /* Release */ = {
			isa = XCBuildConfiguration;
			baseConfigurationReference = 0B61455FA8304B0BA9A533C9 /* Pods-Browser.release.xcconfig */;
			buildSettings = {
				ASSETCATALOG_COMPILER_APPICON_NAME = AppIcon;
				CODE_SIGN_STYLE = Automatic;
				INFOPLIST_FILE = Browser/Info.plist;
				LD_RUNPATH_SEARCH_PATHS = "$(inherited) @executable_path/Frameworks";
				PRODUCT_BUNDLE_IDENTIFIER = pedroherrera.com.Browser;
				PRODUCT_NAME = "$(TARGET_NAME)";
				SWIFT_VERSION = 4.0;
				TARGETED_DEVICE_FAMILY = "1,2";
			};
			name = Release;
		};
/* End XCBuildConfiguration section */

/* Begin XCConfigurationList section */
		B9B770E21F991C250019A657 /* Build configuration list for PBXProject "Browser" */ = {
			isa = XCConfigurationList;
			buildConfigurations = (
				B9B770F71F991C260019A657 /* Debug */,
				B9B770F81F991C260019A657 /* Release */,
			);
			defaultConfigurationIsVisible = 0;
			defaultConfigurationName = Release;
		};
		B9B770F91F991C260019A657 /* Build configuration list for PBXNativeTarget "Browser" */ = {
			isa = XCConfigurationList;
			buildConfigurations = (
				B9B770FA1F991C260019A657 /* Debug */,
				B9B770FB1F991C260019A657 /* Release */,
			);
			defaultConfigurationIsVisible = 0;
			defaultConfigurationName = Release;
		};
/* End XCConfigurationList section */
	};
	rootObject = B9B770DF1F991C250019A657 /* Project object */;
}
